
Microsoft Visual Studio Solution File, Format Version 12.00
# Visual Studio Version 17
VisualStudioVersion = 17.12.35707.178 d17.12
MinimumVisualStudioVersion = 10.0.40219.1
Project("{FAE04EC0-301F-11D3-BF4B-00C04F79EFBC}") = "demoapp", "demoapp.csproj", "{BAC4F9E9-69D0-4266-8F50-72B34EDD0502}"
EndProject
Global
	GlobalSection(SolutionConfigurationPlatforms) = preSolution
		Debug|Any CPU = Debug|Any CPU
		Release|Any CPU = Release|Any CPU
	EndGlobalSection
	GlobalSection(ProjectConfigurationPlatforms) = postSolution
		{BAC4F9E9-69D0-4266-8F50-72B34EDD0502}.Debug|Any CPU.ActiveCfg = Debug|Any CPU
		{BAC4F9E9-69D0-4266-8F50-72B34EDD0502}.Debug|Any CPU.Build.0 = Debug|Any CPU
		{BAC4F9E9-69D0-4266-8F50-72B34EDD0502}.Release|Any CPU.ActiveCfg = Release|Any CPU
		{BAC4F9E9-69D0-4266-8F50-72B34EDD0502}.Release|Any CPU.Build.0 = Release|Any CPU
	EndGlobalSection
	GlobalSection(SolutionProperties) = preSolution
		HideSolutionNode = FALSE
	EndGlobalSection
EndGlobal
